
Microsoft Visual Studio Solution File, Format Version 12.00
# Visual Studio Version 17
VisualStudioVersion = 17.2.32516.85
MinimumVisualStudioVersion = 10.0.40219.1
Project("{FAE04EC0-301F-11D3-BF4B-00C04F79EFBC}") = "IFSWebII", "IFSWebII\IFSWebII.csproj", "{6633FC43-F43A-442C-A1FC-73EA85270FED}"
EndProject
Global
	GlobalSection(SolutionConfigurationPlatforms) = preSolution
		Debug|Any CPU = Debug|Any CPU
		Release|Any CPU = Release|Any CPU
	EndGlobalSection
	GlobalSection(ProjectConfigurationPlatforms) = postSolution
		{6633FC43-F43A-442C-A1FC-73EA85270FED}.Debug|Any CPU.ActiveCfg = Debug|Any CPU
		{6633FC43-F43A-442C-A1FC-73EA85270FED}.Debug|Any CPU.Build.0 = Debug|Any CPU
		{6633FC43-F43A-442C-A1FC-73EA85270FED}.Release|Any CPU.ActiveCfg = Release|Any CPU
		{6633FC43-F43A-442C-A1FC-73EA85270FED}.Release|Any CPU.Build.0 = Release|Any CPU
	EndGlobalSection
	GlobalSection(SolutionProperties) = preSolution
		HideSolutionNode = FALSE
	EndGlobalSection
	GlobalSection(ExtensibilityGlobals) = postSolution
		SolutionGuid = {BCCC1F47-A153-4936-B9F4-4DB40434AC95}
	EndGlobalSection
EndGlobal
